
Microsoft Visual Studio Solution File, Format Version 12.00
# Visual Studio Version 17
VisualStudioVersion = 17.13.35806.99 d17.13
MinimumVisualStudioVersion = 10.0.40219.1
Project("{FAE04EC0-301F-11D3-BF4B-00C04F79EFBC}") = "fuel-manager-api", "fuel-manager-api\fuel-manager-api.csproj", "{DE07CBE7-452B-4187-AF3D-45181EF28872}"
EndProject
Global
	GlobalSection(SolutionConfigurationPlatforms) = preSolution
		Debug|Any CPU = Debug|Any CPU
		Release|Any CPU = Release|Any CPU
	EndGlobalSection
	GlobalSection(ProjectConfigurationPlatforms) = postSolution
		{DE07CBE7-452B-4187-AF3D-45181EF28872}.Debug|Any CPU.ActiveCfg = Debug|Any CPU
		{DE07CBE7-452B-4187-AF3D-45181EF28872}.Debug|Any CPU.Build.0 = Debug|Any CPU
		{DE07CBE7-452B-4187-AF3D-45181EF28872}.Release|Any CPU.ActiveCfg = Release|Any CPU
		{DE07CBE7-452B-4187-AF3D-45181EF28872}.Release|Any CPU.Build.0 = Release|Any CPU
	EndGlobalSection
	GlobalSection(SolutionProperties) = preSolution
		HideSolutionNode = FALSE
	EndGlobalSection
	GlobalSection(ExtensibilityGlobals) = postSolution
		SolutionGuid = {2669AC9A-81EF-4DAA-B458-ACD5FE292E70}
	EndGlobalSection
EndGlobal
